
Microsoft Visual Studio Solution File, Format Version 12.00
# Visual Studio Version 17
VisualStudioVersion = 17.4.33205.214
MinimumVisualStudioVersion = 10.0.40219.1
Project("{9A19103F-16F7-4668-BE54-9A1E7A4F7556}") = "SQLCipherED", "SQLCipherED\SQLCipherED.csproj", "{F3E5C644-DD0C-4002-87AE-631273CE9DFD}"
EndProject
Project("{9A19103F-16F7-4668-BE54-9A1E7A4F7556}") = "SQLCipherED.UI", "SQLCipherED.UI\SQLCipherED.UI.csproj", "{EF1B7284-3B04-48F4-865D-71E2112F5DEB}"
EndProject
Project("{9A19103F-16F7-4668-BE54-9A1E7A4F7556}") = "SQLCipherED.Tests", "SQLCipherED.Tests\SQLCipherED.Tests.csproj", "{8633AC27-412E-4DF9-B482-DF6891BC09AA}"
EndProject
Global
	GlobalSection(SolutionConfigurationPlatforms) = preSolution
		Debug|Any CPU = Debug|Any CPU
		Release|Any CPU = Release|Any CPU
	EndGlobalSection
	GlobalSection(ProjectConfigurationPlatforms) = postSolution
		{F3E5C644-DD0C-4002-87AE-631273CE9DFD}.Debug|Any CPU.ActiveCfg = Debug|Any CPU
		{F3E5C644-DD0C-4002-87AE-631273CE9DFD}.Debug|Any CPU.Build.0 = Debug|Any CPU
		{F3E5C644-DD0C-4002-87AE-631273CE9DFD}.Release|Any CPU.ActiveCfg = Release|Any CPU
		{F3E5C644-DD0C-4002-87AE-631273CE9DFD}.Release|Any CPU.Build.0 = Release|Any CPU
		{EF1B7284-3B04-48F4-865D-71E2112F5DEB}.Debug|Any CPU.ActiveCfg = Debug|Any CPU
		{EF1B7284-3B04-48F4-865D-71E2112F5DEB}.Debug|Any CPU.Build.0 = Debug|Any CPU
		{EF1B7284-3B04-48F4-865D-71E2112F5DEB}.Release|Any CPU.ActiveCfg = Release|Any CPU
		{EF1B7284-3B04-48F4-865D-71E2112F5DEB}.Release|Any CPU.Build.0 = Release|Any CPU
		{8633AC27-412E-4DF9-B482-DF6891BC09AA}.Debug|Any CPU.ActiveCfg = Debug|Any CPU
		{8633AC27-412E-4DF9-B482-DF6891BC09AA}.Debug|Any CPU.Build.0 = Debug|Any CPU
		{8633AC27-412E-4DF9-B482-DF6891BC09AA}.Release|Any CPU.ActiveCfg = Release|Any CPU
		{8633AC27-412E-4DF9-B482-DF6891BC09AA}.Release|Any CPU.Build.0 = Release|Any CPU
	EndGlobalSection
	GlobalSection(SolutionProperties) = preSolution
		HideSolutionNode = FALSE
	EndGlobalSection
	GlobalSection(ExtensibilityGlobals) = postSolution
		SolutionGuid = {EF84C535-4049-4E6D-A6A2-C30788508899}
	EndGlobalSection
EndGlobal
